<?xml version="1.0" encoding="utf-8"?>
<Project ToolsVersion="4.0" xmlns="http://schemas.microsoft.com/developer/msbuild/2003">
  <ItemGroup>
    <Filter Include="Source Files">
      <UniqueIdentifier>{4FC737F1-C7A5-4376-A066-2A32D752A2FF}</UniqueIdentifier>
      <Extensions>cpp;c;cc;cxx;c++;cppm;ixx;def;odl;idl;hpj;bat;asm;asmx</Extensions>
    </Filter>
    <Filter Include="Header Files">
      <UniqueIdentifier>{93995380-89BD-4b04-88EB-625FBE52EBFB}</UniqueIdentifier>
      <Extensions>h;hh;hpp;hxx;h++;hm;inl;inc;ipp;xsd</Extensions>
    </Filter>
    <Filter Include="Resource Files">
      <UniqueIdentifier>{67DA6AB6-F800-4c08-8B7A-83BB121AAD01}</UniqueIdentifier>
      <Extensions>rc;ico;cur;bmp;dlg;rc2;rct;bin;rgs;gif;jpg;jpeg;jpe;resx;tiff;tif;png;wav;mfcribbon-ms</Extensions>
    </Filter>
  </ItemGroup>
  <ItemGroup>
    <ClCompile Include="main.c">
      <Filter>Source Files</Filter>
    </ClCompile>
  </ItemGroup>
  <ItemGroup>
    <Text Include="question0.txt">
      <Filter>Source Files</Filter>
    </Text>
    <Text Include="question1.txt">
      <Filter>Source Files</Filter>
    </Text>
    <Text Include="question2.txt">
      <Filter>Source Files</Filter>
    </Text>
    <Text Include="question3.txt">
      <Filter>Source Files</Filter>
    </Text>
    <Text Include="question4.txt">
      <Filter>Source Files</Filter>
    </Text>
    <Text Include="question5.txt">
      <Filter>Source Files</Filter>
    </Text>
    <Text Include="question6.txt">
      <Filter>Source Files</Filter>
    </Text>
    <Text Include="question7.txt">
      <Filter>Source Files</Filter>
    </Text>
    <Text Include="question8.txt">
      <Filter>Source Files</Filter>
    </Text>
    <Text Include="question9.txt">
      <Filter>Source Files</Filter>
    </Text>
    <Text Include="question10.txt">
      <Filter>Source Files</Filter>
    </Text>
    <Text Include="question11.txt">
      <Filter>Source Files</Filter>
    </Text>
    <Text Include="question12.txt">
      <Filter>Source Files</Filter>
    </Text>
    <Text Include="question13.txt">
      <Filter>Source Files</Filter>
    </Text>
    <Text Include="question14.txt">
      <Filter>Source Files</Filter>
    </Text>
    <Text Include="question15.txt">
      <Filter>Source Files</Filter>
    </Text>
    <Text Include="question16.txt">
      <Filter>Source Files</Filter>
    </Text>
    <Text Include="question17.txt">
      <Filter>Source Files</Filter>
    </Text>
    <Text Include="question18.txt">
      <Filter>Source Files</Filter>
    </Text>
    <Text Include="question19.txt">
      <Filter>Source Files</Filter>
    </Text>
    <Text Include="question20.txt">
      <Filter>Source Files</Filter>
    </Text>
    <Text Include="question21.txt">
      <Filter>Source Files</Filter>
    </Text>
    <Text Include="question22.txt">
      <Filter>Source Files</Filter>
    </Text>
    <Text Include="question23.txt">
      <Filter>Source Files</Filter>
    </Text>
    <Text Include="question24.txt">
      <Filter>Source Files</Filter>
    </Text>
    <Text Include="question25.txt">
      <Filter>Source Files</Filter>
    </Text>
    <Text Include="question26.txt">
      <Filter>Source Files</Filter>
    </Text>
    <Text Include="question27.txt">
      <Filter>Source Files</Filter>
    </Text>
    <Text Include="question28.txt">
      <Filter>Source Files</Filter>
    </Text>
    <Text Include="question29.txt">
      <Filter>Source Files</Filter>
    </Text>
    <Text Include="question30.txt">
      <Filter>Source Files</Filter>
    </Text>
    <Text Include="question31.txt">
      <Filter>Source Files</Filter>
    </Text>
    <Text Include="question32.txt">
      <Filter>Source Files</Filter>
    </Text>
    <Text Include="question33.txt">
      <Filter>Source Files</Filter>
    </Text>
    <Text Include="question34.txt">
      <Filter>Source Files</Filter>
    </Text>
    <Text Include="question35.txt">
      <Filter>Source Files</Filter>
    </Text>
    <Text Include="question36.txt">
      <Filter>Source Files</Filter>
    </Text>
    <Text Include="question37.txt">
      <Filter>Source Files</Filter>
    </Text>
    <Text Include="question38.txt">
      <Filter>Source Files</Filter>
    </Text>
    <Text Include="question39.txt">
      <Filter>Source Files</Filter>
    </Text>
    <Text Include="question40.txt">
      <Filter>Source Files</Filter>
    </Text>
    <Text Include="question41.txt">
      <Filter>Source Files</Filter>
    </Text>
    <Text Include="question42.txt">
      <Filter>Source Files</Filter>
    </Text>
    <Text Include="question43.txt">
      <Filter>Source Files</Filter>
    </Text>
    <Text Include="question44.txt">
      <Filter>Source Files</Filter>
    </Text>
    <Text Include="question45.txt">
      <Filter>Source Files</Filter>
    </Text>
    <Text Include="question46.txt">
      <Filter>Source Files</Filter>
    </Text>
    <Text Include="question47.txt">
      <Filter>Source Files</Filter>
    </Text>
    <Text Include="question48.txt">
      <Filter>Source Files</Filter>
    </Text>
    <Text Include="question49.txt">
      <Filter>Source Files</Filter>
    </Text>
    <Text Include="question50.txt">
      <Filter>Source Files</Filter>
    </Text>
  </ItemGroup>
</Project>